
Microsoft Visual Studio Solution File, Format Version 12.00
# Visual Studio Version 17
VisualStudioVersion = 17.3.32901.215
MinimumVisualStudioVersion = 10.0.40219.1
Project("{FAE04EC0-301F-11D3-BF4B-00C04F79EFBC}") = "Resolucao_Diagnostico_2022_23", "Resolucao_Diagnostico_2022_23\Resolucao_Diagnostico_2022_23.csproj", "{676D8AFF-A3AE-4EB9-BFFE-145E880ECB5E}"
EndProject
Global
	GlobalSection(SolutionConfigurationPlatforms) = preSolution
		Debug|Any CPU = Debug|Any CPU
		Release|Any CPU = Release|Any CPU
	EndGlobalSection
	GlobalSection(ProjectConfigurationPlatforms) = postSolution
		{676D8AFF-A3AE-4EB9-BFFE-145E880ECB5E}.Debug|Any CPU.ActiveCfg = Debug|Any CPU
		{676D8AFF-A3AE-4EB9-BFFE-145E880ECB5E}.Debug|Any CPU.Build.0 = Debug|Any CPU
		{676D8AFF-A3AE-4EB9-BFFE-145E880ECB5E}.Release|Any CPU.ActiveCfg = Release|Any CPU
		{676D8AFF-A3AE-4EB9-BFFE-145E880ECB5E}.Release|Any CPU.Build.0 = Release|Any CPU
	EndGlobalSection
	GlobalSection(SolutionProperties) = preSolution
		HideSolutionNode = FALSE
	EndGlobalSection
	GlobalSection(ExtensibilityGlobals) = postSolution
		SolutionGuid = {61416B18-2704-4603-929F-2EF8B5468919}
	EndGlobalSection
EndGlobal
